
Microsoft Visual Studio Solution File, Format Version 12.00
# Visual Studio Version 17
VisualStudioVersion = 17.2.32630.192
MinimumVisualStudioVersion = 10.0.40219.1
Project("{9A19103F-16F7-4668-BE54-9A1E7A4F7556}") = "R5T.S0048", "R5T.S0048\R5T.S0048.csproj", "{46CBD05C-1DE7-487D-B7B2-D10D37EFF65B}"
EndProject
Project("{2150E333-8FDC-42A3-9474-1A3956D46DE8}") = "_Dependencies", "_Dependencies", "{026CB691-D1B8-4467-A883-D6ACBF0A2FC1}"
EndProject
Project("{9A19103F-16F7-4668-BE54-9A1E7A4F7556}") = "R5T.F0020", "..\..\R5T.F0020\source\R5T.F0020\R5T.F0020.csproj", "{F1A2AE7F-9625-44EC-8099-8E54A2D61585}"
EndProject
Project("{9A19103F-16F7-4668-BE54-9A1E7A4F7556}") = "R5T.F0033", "..\..\R5T.F0033\source\R5T.F0033\R5T.F0033.csproj", "{A1BD3F37-599D-4AC7-AB67-4FCCB3E90597}"
EndProject
Project("{9A19103F-16F7-4668-BE54-9A1E7A4F7556}") = "R5T.Z0015", "..\..\R5T.Z0015\source\R5T.Z0015\R5T.Z0015.csproj", "{AAADDAE5-089E-4101-9663-49A2F83F9E56}"
EndProject
Project("{9A19103F-16F7-4668-BE54-9A1E7A4F7556}") = "R5T.Z0019", "..\..\R5T.Z0019\source\R5T.Z0019\R5T.Z0019.csproj", "{777A2B09-4256-40BB-932A-086FA591872C}"
EndProject
Project("{9A19103F-16F7-4668-BE54-9A1E7A4F7556}") = "R5T.F0000", "..\..\R5T.F0000\source\R5T.F0000\R5T.F0000.csproj", "{AB595497-8AB6-485D-BB1B-24D3E728D33C}"
EndProject
Project("{9A19103F-16F7-4668-BE54-9A1E7A4F7556}") = "R5T.F0002", "..\..\R5T.F0002\source\R5T.F0002\R5T.F0002.csproj", "{5C311D01-C94A-4232-A17F-A2CA204818C5}"
EndProject
Project("{9A19103F-16F7-4668-BE54-9A1E7A4F7556}") = "R5T.F0040.F000", "..\..\R5T.F0040\source\R5T.F0040.F000\R5T.F0040.F000.csproj", "{7A983420-6F3B-4A0F-A038-8882F1E81C70}"
EndProject
Project("{9A19103F-16F7-4668-BE54-9A1E7A4F7556}") = "R5T.F0052", "..\..\R5T.F0052\source\R5T.F0052\R5T.F0052.csproj", "{EF37E735-F26F-483C-BEBC-4916AFD7C0BF}"
EndProject
Project("{9A19103F-16F7-4668-BE54-9A1E7A4F7556}") = "R5T.F0053", "..\..\R5T.F0053\source\R5T.F0053\R5T.F0053.csproj", "{49DF7287-718C-4657-B047-5B1D8DA03CB8}"
EndProject
Project("{9A19103F-16F7-4668-BE54-9A1E7A4F7556}") = "R5T.F0054", "..\..\R5T.F0054\source\R5T.F0054\R5T.F0054.csproj", "{BFEF23F3-E3DE-4FE1-84BD-F8AB91E77100}"
EndProject
Project("{9A19103F-16F7-4668-BE54-9A1E7A4F7556}") = "R5T.T0131", "..\..\R5T.T0131\source\R5T.T0131\R5T.T0131.csproj", "{F3C1540D-FD46-4706-8B81-035FF6D74B38}"
EndProject
Project("{9A19103F-16F7-4668-BE54-9A1E7A4F7556}") = "R5T.T0132", "..\..\R5T.T0132\source\R5T.T0132\R5T.T0132.csproj", "{D587B71C-631C-4001-AF2F-B93C99BFE809}"
EndProject
Project("{9A19103F-16F7-4668-BE54-9A1E7A4F7556}") = "R5T.T0142", "..\..\R5T.T0142\source\R5T.T0142\R5T.T0142.csproj", "{59459A19-4894-496E-B8BD-1BC31FDD94FA}"
EndProject
Project("{9A19103F-16F7-4668-BE54-9A1E7A4F7556}") = "R5T.T0143", "..\..\R5T.T0143\source\R5T.T0143\R5T.T0143.csproj", "{0B19A530-91D2-4FBC-88C6-F8AD44B89A0D}"
EndProject
Project("{9A19103F-16F7-4668-BE54-9A1E7A4F7556}") = "R5T.Y0000", "..\..\R5T.Y0000\source\R5T.Y0000\R5T.Y0000.csproj", "{DE75AA29-32E4-4C3C-8D3C-75745761BE11}"
EndProject
Project("{9A19103F-16F7-4668-BE54-9A1E7A4F7556}") = "R5T.Z0000", "..\..\R5T.Z0000\source\R5T.Z0000\R5T.Z0000.csproj", "{95383646-6E1A-4324-BB9E-A5C86E2E9909}"
EndProject
Project("{9A19103F-16F7-4668-BE54-9A1E7A4F7556}") = "R5T.Z0020", "..\..\R5T.Z0020\source\R5T.Z0020\R5T.Z0020.csproj", "{AB49AF28-82A7-4E5D-94C9-F7AA283E1F2A}"
EndProject
Project("{9A19103F-16F7-4668-BE54-9A1E7A4F7556}") = "R5T.F0081", "..\..\R5T.F0081\source\R5T.F0081\R5T.F0081.csproj", "{5D1B3938-6307-4657-8B45-C569D3B39B0F}"
EndProject
Global
	GlobalSection(SolutionConfigurationPlatforms) = preSolution
		Debug|Any CPU = Debug|Any CPU
		Release|Any CPU = Release|Any CPU
	EndGlobalSection
	GlobalSection(ProjectConfigurationPlatforms) = postSolution
		{46CBD05C-1DE7-487D-B7B2-D10D37EFF65B}.Debug|Any CPU.ActiveCfg = Debug|Any CPU
		{46CBD05C-1DE7-487D-B7B2-D10D37EFF65B}.Debug|Any CPU.Build.0 = Debug|Any CPU
		{46CBD05C-1DE7-487D-B7B2-D10D37EFF65B}.Release|Any CPU.ActiveCfg = Release|Any CPU
		{46CBD05C-1DE7-487D-B7B2-D10D37EFF65B}.Release|Any CPU.Build.0 = Release|Any CPU
		{F1A2AE7F-9625-44EC-8099-8E54A2D61585}.Debug|Any CPU.ActiveCfg = Debug|Any CPU
		{F1A2AE7F-9625-44EC-8099-8E54A2D61585}.Debug|Any CPU.Build.0 = Debug|Any CPU
		{F1A2AE7F-9625-44EC-8099-8E54A2D61585}.Release|Any CPU.ActiveCfg = Release|Any CPU
		{F1A2AE7F-9625-44EC-8099-8E54A2D61585}.Release|Any CPU.Build.0 = Release|Any CPU
		{A1BD3F37-599D-4AC7-AB67-4FCCB3E90597}.Debug|Any CPU.ActiveCfg = Debug|Any CPU
		{A1BD3F37-599D-4AC7-AB67-4FCCB3E90597}.Debug|Any CPU.Build.0 = Debug|Any CPU
		{A1BD3F37-599D-4AC7-AB67-4FCCB3E90597}.Release|Any CPU.ActiveCfg = Release|Any CPU
		{A1BD3F37-599D-4AC7-AB67-4FCCB3E90597}.Release|Any CPU.Build.0 = Release|Any CPU
		{AAADDAE5-089E-4101-9663-49A2F83F9E56}.Debug|Any CPU.ActiveCfg = Debug|Any CPU
		{AAADDAE5-089E-4101-9663-49A2F83F9E56}.Debug|Any CPU.Build.0 = Debug|Any CPU
		{AAADDAE5-089E-4101-9663-49A2F83F9E56}.Release|Any CPU.ActiveCfg = Release|Any CPU
		{AAADDAE5-089E-4101-9663-49A2F83F9E56}.Release|Any CPU.Build.0 = Release|Any CPU
		{777A2B09-4256-40BB-932A-086FA591872C}.Debug|Any CPU.ActiveCfg = Debug|Any CPU
		{777A2B09-4256-40BB-932A-086FA591872C}.Debug|Any CPU.Build.0 = Debug|Any CPU
		{777A2B09-4256-40BB-932A-086FA591872C}.Release|Any CPU.ActiveCfg = Release|Any CPU
		{777A2B09-4256-40BB-932A-086FA591872C}.Release|Any CPU.Build.0 = Release|Any CPU
		{AB595497-8AB6-485D-BB1B-24D3E728D33C}.Debug|Any CPU.ActiveCfg = Debug|Any CPU
		{AB595497-8AB6-485D-BB1B-24D3E728D33C}.Debug|Any CPU.Build.0 = Debug|Any CPU
		{AB595497-8AB6-485D-BB1B-24D3E728D33C}.Release|Any CPU.ActiveCfg = Release|Any CPU
		{AB595497-8AB6-485D-BB1B-24D3E728D33C}.Release|Any CPU.Build.0 = Release|Any CPU
		{5C311D01-C94A-4232-A17F-A2CA204818C5}.Debug|Any CPU.ActiveCfg = Debug|Any CPU
		{5C311D01-C94A-4232-A17F-A2CA204818C5}.Debug|Any CPU.Build.0 = Debug|Any CPU
		{5C311D01-C94A-4232-A17F-A2CA204818C5}.Release|Any CPU.ActiveCfg = Release|Any CPU
		{5C311D01-C94A-4232-A17F-A2CA204818C5}.Release|Any CPU.Build.0 = Release|Any CPU
		{7A983420-6F3B-4A0F-A038-8882F1E81C70}.Debug|Any CPU.ActiveCfg = Debug|Any CPU
		{7A983420-6F3B-4A0F-A038-8882F1E81C70}.Debug|Any CPU.Build.0 = Debug|Any CPU
		{7A983420-6F3B-4A0F-A038-8882F1E81C70}.Release|Any CPU.ActiveCfg = Release|Any CPU
		{7A983420-6F3B-4A0F-A038-8882F1E81C70}.Release|Any CPU.Build.0 = Release|Any CPU
		{EF37E735-F26F-483C-BEBC-4916AFD7C0BF}.Debug|Any CPU.ActiveCfg = Debug|Any CPU
		{EF37E735-F26F-483C-BEBC-4916AFD7C0BF}.Debug|Any CPU.Build.0 = Debug|Any CPU
		{EF37E735-F26F-483C-BEBC-4916AFD7C0BF}.Release|Any CPU.ActiveCfg = Release|Any CPU
		{EF37E735-F26F-483C-BEBC-4916AFD7C0BF}.Release|Any CPU.Build.0 = Release|Any CPU
		{49DF7287-718C-4657-B047-5B1D8DA03CB8}.Debug|Any CPU.ActiveCfg = Debug|Any CPU
		{49DF7287-718C-4657-B047-5B1D8DA03CB8}.Debug|Any CPU.Build.0 = Debug|Any CPU
		{49DF7287-718C-4657-B047-5B1D8DA03CB8}.Release|Any CPU.ActiveCfg = Release|Any CPU
		{49DF7287-718C-4657-B047-5B1D8DA03CB8}.Release|Any CPU.Build.0 = Release|Any CPU
		{BFEF23F3-E3DE-4FE1-84BD-F8AB91E77100}.Debug|Any CPU.ActiveCfg = Debug|Any CPU
		{BFEF23F3-E3DE-4FE1-84BD-F8AB91E77100}.Debug|Any CPU.Build.0 = Debug|Any CPU
		{BFEF23F3-E3DE-4FE1-84BD-F8AB91E77100}.Release|Any CPU.ActiveCfg = Release|Any CPU
		{BFEF23F3-E3DE-4FE1-84BD-F8AB91E77100}.Release|Any CPU.Build.0 = Release|Any CPU
		{F3C1540D-FD46-4706-8B81-035FF6D74B38}.Debug|Any CPU.ActiveCfg = Debug|Any CPU
		{F3C1540D-FD46-4706-8B81-035FF6D74B38}.Debug|Any CPU.Build.0 = Debug|Any CPU
		{F3C1540D-FD46-4706-8B81-035FF6D74B38}.Release|Any CPU.ActiveCfg = Release|Any CPU
		{F3C1540D-FD46-4706-8B81-035FF6D74B38}.Release|Any CPU.Build.0 = Release|Any CPU
		{D587B71C-631C-4001-AF2F-B93C99BFE809}.Debug|Any CPU.ActiveCfg = Debug|Any CPU
		{D587B71C-631C-4001-AF2F-B93C99BFE809}.Debug|Any CPU.Build.0 = Debug|Any CPU
		{D587B71C-631C-4001-AF2F-B93C99BFE809}.Release|Any CPU.ActiveCfg = Release|Any CPU
		{D587B71C-631C-4001-AF2F-B93C99BFE809}.Release|Any CPU.Build.0 = Release|Any CPU
		{59459A19-4894-496E-B8BD-1BC31FDD94FA}.Debug|Any CPU.ActiveCfg = Debug|Any CPU
		{59459A19-4894-496E-B8BD-1BC31FDD94FA}.Debug|Any CPU.Build.0 = Debug|Any CPU
		{59459A19-4894-496E-B8BD-1BC31FDD94FA}.Release|Any CPU.ActiveCfg = Release|Any CPU
		{59459A19-4894-496E-B8BD-1BC31FDD94FA}.Release|Any CPU.Build.0 = Release|Any CPU
		{0B19A530-91D2-4FBC-88C6-F8AD44B89A0D}.Debug|Any CPU.ActiveCfg = Debug|Any CPU
		{0B19A530-91D2-4FBC-88C6-F8AD44B89A0D}.Debug|Any CPU.Build.0 = Debug|Any CPU
		{0B19A530-91D2-4FBC-88C6-F8AD44B89A0D}.Release|Any CPU.ActiveCfg = Release|Any CPU
		{0B19A530-91D2-4FBC-88C6-F8AD44B89A0D}.Release|Any CPU.Build.0 = Release|Any CPU
		{DE75AA29-32E4-4C3C-8D3C-75745761BE11}.Debug|Any CPU.ActiveCfg = Debug|Any CPU
		{DE75AA29-32E4-4C3C-8D3C-75745761BE11}.Debug|Any CPU.Build.0 = Debug|Any CPU
		{DE75AA29-32E4-4C3C-8D3C-75745761BE11}.Release|Any CPU.ActiveCfg = Release|Any CPU
		{DE75AA29-32E4-4C3C-8D3C-75745761BE11}.Release|Any CPU.Build.0 = Release|Any CPU
		{95383646-6E1A-4324-BB9E-A5C86E2E9909}.Debug|Any CPU.ActiveCfg = Debug|Any CPU
		{95383646-6E1A-4324-BB9E-A5C86E2E9909}.Debug|Any CPU.Build.0 = Debug|Any CPU
		{95383646-6E1A-4324-BB9E-A5C86E2E9909}.Release|Any CPU.ActiveCfg = Release|Any CPU
		{95383646-6E1A-4324-BB9E-A5C86E2E9909}.Release|Any CPU.Build.0 = Release|Any CPU
		{AB49AF28-82A7-4E5D-94C9-F7AA283E1F2A}.Debug|Any CPU.ActiveCfg = Debug|Any CPU
		{AB49AF28-82A7-4E5D-94C9-F7AA283E1F2A}.Debug|Any CPU.Build.0 = Debug|Any CPU
		{AB49AF28-82A7-4E5D-94C9-F7AA283E1F2A}.Release|Any CPU.ActiveCfg = Release|Any CPU
		{AB49AF28-82A7-4E5D-94C9-F7AA283E1F2A}.Release|Any CPU.Build.0 = Release|Any CPU
		{5D1B3938-6307-4657-8B45-C569D3B39B0F}.Debug|Any CPU.ActiveCfg = Debug|Any CPU
		{5D1B3938-6307-4657-8B45-C569D3B39B0F}.Debug|Any CPU.Build.0 = Debug|Any CPU
		{5D1B3938-6307-4657-8B45-C569D3B39B0F}.Release|Any CPU.ActiveCfg = Release|Any CPU
		{5D1B3938-6307-4657-8B45-C569D3B39B0F}.Release|Any CPU.Build.0 = Release|Any CPU
	EndGlobalSection
	GlobalSection(SolutionProperties) = preSolution
		HideSolutionNode = FALSE
	EndGlobalSection
	GlobalSection(NestedProjects) = preSolution
		{F1A2AE7F-9625-44EC-8099-8E54A2D61585} = {026CB691-D1B8-4467-A883-D6ACBF0A2FC1}
		{A1BD3F37-599D-4AC7-AB67-4FCCB3E90597} = {026CB691-D1B8-4467-A883-D6ACBF0A2FC1}
		{AAADDAE5-089E-4101-9663-49A2F83F9E56} = {026CB691-D1B8-4467-A883-D6ACBF0A2FC1}
		{777A2B09-4256-40BB-932A-086FA591872C} = {026CB691-D1B8-4467-A883-D6ACBF0A2FC1}
		{AB595497-8AB6-485D-BB1B-24D3E728D33C} = {026CB691-D1B8-4467-A883-D6ACBF0A2FC1}
		{5C311D01-C94A-4232-A17F-A2CA204818C5} = {026CB691-D1B8-4467-A883-D6ACBF0A2FC1}
		{7A983420-6F3B-4A0F-A038-8882F1E81C70} = {026CB691-D1B8-4467-A883-D6ACBF0A2FC1}
		{EF37E735-F26F-483C-BEBC-4916AFD7C0BF} = {026CB691-D1B8-4467-A883-D6ACBF0A2FC1}
		{49DF7287-718C-4657-B047-5B1D8DA03CB8} = {026CB691-D1B8-4467-A883-D6ACBF0A2FC1}
		{BFEF23F3-E3DE-4FE1-84BD-F8AB91E77100} = {026CB691-D1B8-4467-A883-D6ACBF0A2FC1}
		{F3C1540D-FD46-4706-8B81-035FF6D74B38} = {026CB691-D1B8-4467-A883-D6ACBF0A2FC1}
		{D587B71C-631C-4001-AF2F-B93C99BFE809} = {026CB691-D1B8-4467-A883-D6ACBF0A2FC1}
		{59459A19-4894-496E-B8BD-1BC31FDD94FA} = {026CB691-D1B8-4467-A883-D6ACBF0A2FC1}
		{0B19A530-91D2-4FBC-88C6-F8AD44B89A0D} = {026CB691-D1B8-4467-A883-D6ACBF0A2FC1}
		{DE75AA29-32E4-4C3C-8D3C-75745761BE11} = {026CB691-D1B8-4467-A883-D6ACBF0A2FC1}
		{95383646-6E1A-4324-BB9E-A5C86E2E9909} = {026CB691-D1B8-4467-A883-D6ACBF0A2FC1}
		{AB49AF28-82A7-4E5D-94C9-F7AA283E1F2A} = {026CB691-D1B8-4467-A883-D6ACBF0A2FC1}
		{5D1B3938-6307-4657-8B45-C569D3B39B0F} = {026CB691-D1B8-4467-A883-D6ACBF0A2FC1}
	EndGlobalSection
	GlobalSection(ExtensibilityGlobals) = postSolution
		SolutionGuid = {E34AEC22-7E59-4C40-8D14-84265A7645B2}
	EndGlobalSection
EndGlobal
